
Microsoft Visual Studio Solution File, Format Version 12.00
# Visual Studio 15
VisualStudioVersion = 15.0.27703.2042
MinimumVisualStudioVersion = 10.0.40219.1
Project("{FAE04EC0-301F-11D3-BF4B-00C04F79EFBC}") = "ConsoleVinivius", "ConsoleVinivius\ConsoleVinivius.csproj", "{976F06D8-8A88-4794-8BA1-77F02F508259}"
EndProject
Global
	GlobalSection(SolutionConfigurationPlatforms) = preSolution
		Debug|Any CPU = Debug|Any CPU
		Release|Any CPU = Release|Any CPU
	EndGlobalSection
	GlobalSection(ProjectConfigurationPlatforms) = postSolution
		{976F06D8-8A88-4794-8BA1-77F02F508259}.Debug|Any CPU.ActiveCfg = Debug|Any CPU
		{976F06D8-8A88-4794-8BA1-77F02F508259}.Debug|Any CPU.Build.0 = Debug|Any CPU
		{976F06D8-8A88-4794-8BA1-77F02F508259}.Release|Any CPU.ActiveCfg = Release|Any CPU
		{976F06D8-8A88-4794-8BA1-77F02F508259}.Release|Any CPU.Build.0 = Release|Any CPU
	EndGlobalSection
	GlobalSection(SolutionProperties) = preSolution
		HideSolutionNode = FALSE
	EndGlobalSection
	GlobalSection(ExtensibilityGlobals) = postSolution
		SolutionGuid = {CEB1BD08-97EF-49C4-B05B-74353DD502A5}
	EndGlobalSection
EndGlobal
